
Microsoft Visual Studio Solution File, Format Version 12.00
# Visual Studio Version 16
VisualStudioVersion = 16.0.29424.173
MinimumVisualStudioVersion = 10.0.40219.1
Project("{9A19103F-16F7-4668-BE54-9A1E7A4F7556}") = "AwesomeApp", "AwesomeApp\AwesomeApp.csproj", "{32AD0F05-9043-4333-90CB-592438E52A51}"
EndProject
Project("{FAE04EC0-301F-11D3-BF4B-00C04F79EFBC}") = "AwesomeAppTests", "AwesomeAppUnitTests\AwesomeAppTests.csproj", "{C4F465E2-E92D-45D1-8063-D6CBC27002E6}"
EndProject
Global
	GlobalSection(SolutionConfigurationPlatforms) = preSolution
		Debug|Any CPU = Debug|Any CPU
		Release|Any CPU = Release|Any CPU
	EndGlobalSection
	GlobalSection(ProjectConfigurationPlatforms) = postSolution
		{32AD0F05-9043-4333-90CB-592438E52A51}.Debug|Any CPU.ActiveCfg = Debug|Any CPU
		{32AD0F05-9043-4333-90CB-592438E52A51}.Debug|Any CPU.Build.0 = Debug|Any CPU
		{32AD0F05-9043-4333-90CB-592438E52A51}.Release|Any CPU.ActiveCfg = Release|Any CPU
		{32AD0F05-9043-4333-90CB-592438E52A51}.Release|Any CPU.Build.0 = Release|Any CPU
		{C4F465E2-E92D-45D1-8063-D6CBC27002E6}.Debug|Any CPU.ActiveCfg = Debug|Any CPU
		{C4F465E2-E92D-45D1-8063-D6CBC27002E6}.Debug|Any CPU.Build.0 = Debug|Any CPU
		{C4F465E2-E92D-45D1-8063-D6CBC27002E6}.Release|Any CPU.ActiveCfg = Release|Any CPU
		{C4F465E2-E92D-45D1-8063-D6CBC27002E6}.Release|Any CPU.Build.0 = Release|Any CPU
	EndGlobalSection
	GlobalSection(SolutionProperties) = preSolution
		HideSolutionNode = FALSE
	EndGlobalSection
	GlobalSection(ExtensibilityGlobals) = postSolution
		SolutionGuid = {D56940B9-175C-456E-BA8D-89E8FB4C5874}
	EndGlobalSection
EndGlobal
